// !$*UTF8*$!
{
	archiveVersion = 1;
	classes = {
	};
	objectVersion = 50;
	objects = {

/* Begin PBXBuildFile section */
		A129CCC42603FA3000E9556D /* AppDelegate.swift in Sources */ = {isa = PBXBuildFile; fileRef = A129CCC32603FA3000E9556D /* AppDelegate.swift */; };
		A129CCC62603FA3000E9556D /* SceneDelegate.swift in Sources */ = {isa = PBXBuildFile; fileRef = A129CCC52603FA3000E9556D /* SceneDelegate.swift */; };
		A129CCCD2603FA3200E9556D /* Assets.xcassets in Resources */ = {isa = PBXBuildFile; fileRef = A129CCCC2603FA3200E9556D /* Assets.xcassets */; };
		A129CCD02603FA3200E9556D /* LaunchScreen.storyboard in Resources */ = {isa = PBXBuildFile; fileRef = A129CCCE2603FA3200E9556D /* LaunchScreen.storyboard */; };
		A129CCE02603FD2D00E9556D /* MainTabController.swift in Sources */ = {isa = PBXBuildFile; fileRef = A129CCDF2603FD2D00E9556D /* MainTabController.swift */; };
		A129CCE5260403DB00E9556D /* FeedController.swift in Sources */ = {isa = PBXBuildFile; fileRef = A129CCE4260403DB00E9556D /* FeedController.swift */; };
		A129CCE82604042D00E9556D /* ExploreController.swift in Sources */ = {isa = PBXBuildFile; fileRef = A129CCE72604042D00E9556D /* ExploreController.swift */; };
		A129CCEB2604046200E9556D /* ConversationsController.swift in Sources */ = {isa = PBXBuildFile; fileRef = A129CCEA2604046200E9556D /* ConversationsController.swift */; };
		A129CCEE2604069F00E9556D /* NotificationsController.swift in Sources */ = {isa = PBXBuildFile; fileRef = A129CCED2604069F00E9556D /* NotificationsController.swift */; };
		A129CCF126041ABB00E9556D /* Extensions.swift in Sources */ = {isa = PBXBuildFile; fileRef = A129CCF026041ABB00E9556D /* Extensions.swift */; };
/* End PBXBuildFile section */

/* Begin PBXFileReference section */
		A129CCC02603FA3000E9556D /* Twitter clone.app */ = {isa = PBXFileReference; explicitFileType = wrapper.application; includeInIndex = 0; path = "Twitter clone.app"; sourceTree = BUILT_PRODUCTS_DIR; };
		A129CCC32603FA3000E9556D /* AppDelegate.swift */ = {isa = PBXFileReference; lastKnownFileType = sourcecode.swift; path = AppDelegate.swift; sourceTree = "<group>"; };
		A129CCC52603FA3000E9556D /* SceneDelegate.swift */ = {isa = PBXFileReference; lastKnownFileType = sourcecode.swift; path = SceneDelegate.swift; sourceTree = "<group>"; };
		A129CCCC2603FA3200E9556D /* Assets.xcassets */ = {isa = PBXFileReference; lastKnownFileType = folder.assetcatalog; path = Assets.xcassets; sourceTree = "<group>"; };
		A129CCCF2603FA3200E9556D /* Base */ = {isa = PBXFileReference; lastKnownFileType = file.storyboard; name = Base; path = Base.lproj/LaunchScreen.storyboard; sourceTree = "<group>"; };
		A129CCD12603FA3200E9556D /* Info.plist */ = {isa = PBXFileReference; lastKnownFileType = text.plist.xml; path = Info.plist; sourceTree = "<group>"; };
		A129CCDF2603FD2D00E9556D /* MainTabController.swift */ = {isa = PBXFileReference; lastKnownFileType = sourcecode.swift; path = MainTabController.swift; sourceTree = "<group>"; };
		A129CCE4260403DB00E9556D /* FeedController.swift */ = {isa = PBXFileReference; lastKnownFileType = sourcecode.swift; path = FeedController.swift; sourceTree = "<group>"; };
		A129CCE72604042D00E9556D /* ExploreController.swift */ = {isa = PBXFileReference; lastKnownFileType = sourcecode.swift; path = ExploreController.swift; sourceTree = "<group>"; };
		A129CCEA2604046200E9556D /* ConversationsController.swift */ = {isa = PBXFileReference; lastKnownFileType = sourcecode.swift; path = ConversationsController.swift; sourceTree = "<group>"; };
		A129CCED2604069F00E9556D /* NotificationsController.swift */ = {isa = PBXFileReference; lastKnownFileType = sourcecode.swift; path = NotificationsController.swift; sourceTree = "<group>"; };
		A129CCF026041ABB00E9556D /* Extensions.swift */ = {isa = PBXFileReference; fileEncoding = 4; lastKnownFileType = sourcecode.swift; path = Extensions.swift; sourceTree = "<group>"; };
/* End PBXFileReference section */

/* Begin PBXFrameworksBuildPhase section */
		A129CCBD2603FA3000E9556D /* Frameworks */ = {
			isa = PBXFrameworksBuildPhase;
			buildActionMask = 2147483647;
			files = (
			);
			runOnlyForDeploymentPostprocessing = 0;
		};
/* End PBXFrameworksBuildPhase section */

/* Begin PBXGroup section */
		A129CCB72603FA3000E9556D = {
			isa = PBXGroup;
			children = (
				A129CCC22603FA3000E9556D /* Twitter clone */,
				A129CCC12603FA3000E9556D /* Products */,
			);
			sourceTree = "<group>";
		};
		A129CCC12603FA3000E9556D /* Products */ = {
			isa = PBXGroup;
			children = (
				A129CCC02603FA3000E9556D /* Twitter clone.app */,
			);
			name = Products;
			sourceTree = "<group>";
		};
		A129CCC22603FA3000E9556D /* Twitter clone */ = {
			isa = PBXGroup;
			children = (
				A129CCD82603FA3D00E9556D /* Model */,
				A129CCD92603FA4500E9556D /* View */,
				A129CCDA2603FA5800E9556D /* ViewModel */,
				A129CCDB2603FA6500E9556D /* Controller */,
				A129CCDC2603FA8100E9556D /* API */,
				A129CCDD2603FA8C00E9556D /* Utils */,
				A129CCC32603FA3000E9556D /* AppDelegate.swift */,
				A129CCC52603FA3000E9556D /* SceneDelegate.swift */,
				A129CCCC2603FA3200E9556D /* Assets.xcassets */,
				A129CCCE2603FA3200E9556D /* LaunchScreen.storyboard */,
				A129CCD12603FA3200E9556D /* Info.plist */,
			);
			path = "Twitter clone";
			sourceTree = "<group>";
		};
		A129CCD82603FA3D00E9556D /* Model */ = {
			isa = PBXGroup;
			children = (
			);
			path = Model;
			sourceTree = "<group>";
		};
		A129CCD92603FA4500E9556D /* View */ = {
			isa = PBXGroup;
			children = (
			);
			path = View;
			sourceTree = "<group>";
		};
		A129CCDA2603FA5800E9556D /* ViewModel */ = {
			isa = PBXGroup;
			children = (
			);
			path = ViewModel;
			sourceTree = "<group>";
		};
		A129CCDB2603FA6500E9556D /* Controller */ = {
			isa = PBXGroup;
			children = (
				A129CCDF2603FD2D00E9556D /* MainTabController.swift */,
				A129CCE4260403DB00E9556D /* FeedController.swift */,
				A129CCE72604042D00E9556D /* ExploreController.swift */,
				A129CCEA2604046200E9556D /* ConversationsController.swift */,
				A129CCED2604069F00E9556D /* NotificationsController.swift */,
			);
			path = Controller;
			sourceTree = "<group>";
		};
		A129CCDC2603FA8100E9556D /* API */ = {
			isa = PBXGroup;
			children = (
			);
			path = API;
			sourceTree = "<group>";
		};
		A129CCDD2603FA8C00E9556D /* Utils */ = {
			isa = PBXGroup;
			children = (
				A129CCF026041ABB00E9556D /* Extensions.swift */,
			);
			path = Utils;
			sourceTree = "<group>";
		};
/* End PBXGroup section */

/* Begin PBXNativeTarget section */
		A129CCBF2603FA3000E9556D /* Twitter clone */ = {
			isa = PBXNativeTarget;
			buildConfigurationList = A129CCD42603FA3200E9556D /* Build configuration list for PBXNativeTarget "Twitter clone" */;
			buildPhases = (
				A129CCBC2603FA3000E9556D /* Sources */,
				A129CCBD2603FA3000E9556D /* Frameworks */,
				A129CCBE2603FA3000E9556D /* Resources */,
			);
			buildRules = (
			);
			dependencies = (
			);
			name = "Twitter clone";
			productName = "Twitter clone";
			productReference = A129CCC02603FA3000E9556D /* Twitter clone.app */;
			productType = "com.apple.product-type.application";
		};
/* End PBXNativeTarget section */

/* Begin PBXProject section */
		A129CCB82603FA3000E9556D /* Project object */ = {
			isa = PBXProject;
			attributes = {
				LastSwiftUpdateCheck = 1240;
				LastUpgradeCheck = 1240;
				TargetAttributes = {
					A129CCBF2603FA3000E9556D = {
						CreatedOnToolsVersion = 12.4;
					};
				};
			};
			buildConfigurationList = A129CCBB2603FA3000E9556D /* Build configuration list for PBXProject "Twitter clone" */;
			compatibilityVersion = "Xcode 9.3";
			developmentRegion = en;
			hasScannedForEncodings = 0;
			knownRegions = (
				en,
				Base,
			);
			mainGroup = A129CCB72603FA3000E9556D;
			productRefGroup = A129CCC12603FA3000E9556D /* Products */;
			projectDirPath = "";
			projectRoot = "";
			targets = (
				A129CCBF2603FA3000E9556D /* Twitter clone */,
			);
		};
/* End PBXProject section */

/* Begin PBXResourcesBuildPhase section */
		A129CCBE2603FA3000E9556D /* Resources */ = {
			isa = PBXResourcesBuildPhase;
			buildActionMask = 2147483647;
			files = (
				A129CCD02603FA3200E9556D /* LaunchScreen.storyboard in Resources */,
				A129CCCD2603FA3200E9556D /* Assets.xcassets in Resources */,
			);
			runOnlyForDeploymentPostprocessing = 0;
		};
/* End PBXResourcesBuildPhase section */

/* Begin PBXSourcesBuildPhase section */
		A129CCBC2603FA3000E9556D /* Sources */ = {
			isa = PBXSourcesBuildPhase;
			buildActionMask = 2147483647;
			files = (
				A129CCC42603FA3000E9556D /* AppDelegate.swift in Sources */,
				A129CCE82604042D00E9556D /* ExploreController.swift in Sources */,
				A129CCC62603FA3000E9556D /* SceneDelegate.swift in Sources */,
				A129CCF126041ABB00E9556D /* Extensions.swift in Sources */,
				A129CCE02603FD2D00E9556D /* MainTabController.swift in Sources */,
				A129CCEE2604069F00E9556D /* NotificationsController.swift in Sources */,
				A129CCEB2604046200E9556D /* ConversationsController.swift in Sources */,
				A129CCE5260403DB00E9556D /* FeedController.swift in Sources */,
			);
			runOnlyForDeploymentPostprocessing = 0;
		};
/* End PBXSourcesBuildPhase section */

/* Begin PBXVariantGroup section */
		A129CCCE2603FA3200E9556D /* LaunchScreen.storyboard */ = {
			isa = PBXVariantGroup;
			children = (
				A129CCCF2603FA3200E9556D /* Base */,
			);
			name = LaunchScreen.storyboard;
			sourceTree = "<group>";
		};
/* End PBXVariantGroup section */

/* Begin XCBuildConfiguration section */
		A129CCD22603FA3200E9556D /* Debug */ = {
			isa = XCBuildConfiguration;
			buildSettings = {
				ALWAYS_SEARCH_USER_PATHS = NO;
				CLANG_ANALYZER_NONNULL = YES;
				CLANG_ANALYZER_NUMBER_OBJECT_CONVERSION = YES_AGGRESSIVE;
				CLANG_CXX_LANGUAGE_STANDARD = "gnu++14";
				CLANG_CXX_LIBRARY = "libc++";
				CLANG_ENABLE_MODULES = YES;
				CLANG_ENABLE_OBJC_ARC = YES;
				CLANG_ENABLE_OBJC_WEAK = YES;
				CLANG_WARN_BLOCK_CAPTURE_AUTORELEASING = YES;
				CLANG_WARN_BOOL_CONVERSION = YES;
				CLANG_WARN_COMMA = YES;
				CLANG_WARN_CONSTANT_CONVERSION = YES;
				CLANG_WARN_DEPRECATED_OBJC_IMPLEMENTATIONS = YES;
				CLANG_WARN_DIRECT_OBJC_ISA_USAGE = YES_ERROR;
				CLANG_WARN_DOCUMENTATION_COMMENTS = YES;
				CLANG_WARN_EMPTY_BODY = YES;
				CLANG_WARN_ENUM_CONVERSION = YES;
				CLANG_WARN_INFINITE_RECURSION = YES;
				CLANG_WARN_INT_CONVERSION = YES;
				CLANG_WARN_NON_LITERAL_NULL_CONVERSION = YES;
				CLANG_WARN_OBJC_IMPLICIT_RETAIN_SELF = YES;
				CLANG_WARN_OBJC_LITERAL_CONVERSION = YES;
				CLANG_WARN_OBJC_ROOT_CLASS = YES_ERROR;
				CLANG_WARN_QUOTED_INCLUDE_IN_FRAMEWORK_HEADER = YES;
				CLANG_WARN_RANGE_LOOP_ANALYSIS = YES;
				CLANG_WARN_STRICT_PROTOTYPES = YES;
				CLANG_WARN_SUSPICIOUS_MOVE = YES;
				CLANG_WARN_UNGUARDED_AVAILABILITY = YES_AGGRESSIVE;
				CLANG_WARN_UNREACHABLE_CODE = YES;
				CLANG_WARN__DUPLICATE_METHOD_MATCH = YES;
				COPY_PHASE_STRIP = NO;
				DEBUG_INFORMATION_FORMAT = dwarf;
				ENABLE_STRICT_OBJC_MSGSEND = YES;
				ENABLE_TESTABILITY = YES;
				GCC_C_LANGUAGE_STANDARD = gnu11;
				GCC_DYNAMIC_NO_PIC = NO;
				GCC_NO_COMMON_BLOCKS = YES;
				GCC_OPTIMIZATION_LEVEL = 0;
				GCC_PREPROCESSOR_DEFINITIONS = (
					"DEBUG=1",
					"$(inherited)",
				);
				GCC_WARN_64_TO_32_BIT_CONVERSION = YES;
				GCC_WARN_ABOUT_RETURN_TYPE = YES_ERROR;
				GCC_WARN_UNDECLARED_SELECTOR = YES;
				GCC_WARN_UNINITIALIZED_AUTOS = YES_AGGRESSIVE;
				GCC_WARN_UNUSED_FUNCTION = YES;
				GCC_WARN_UNUSED_VARIABLE = YES;
				IPHONEOS_DEPLOYMENT_TARGET = 13.0;
				MTL_ENABLE_DEBUG_INFO = INCLUDE_SOURCE;
				MTL_FAST_MATH = YES;
				ONLY_ACTIVE_ARCH = YES;
				SDKROOT = iphoneos;
				SWIFT_ACTIVE_COMPILATION_CONDITIONS = DEBUG;
				SWIFT_OPTIMIZATION_LEVEL = "-Onone";
			};
			name = Debug;
		};
		A129CCD32603FA3200E9556D /* Release */ = {
			isa = XCBuildConfiguration;
			buildSettings = {
				ALWAYS_SEARCH_USER_PATHS = NO;
				CLANG_ANALYZER_NONNULL = YES;
				CLANG_ANALYZER_NUMBER_OBJECT_CONVERSION = YES_AGGRESSIVE;
				CLANG_CXX_LANGUAGE_STANDARD = "gnu++14";
				CLANG_CXX_LIBRARY = "libc++";
				CLANG_ENABLE_MODULES = YES;
				CLANG_ENABLE_OBJC_ARC = YES;
				CLANG_ENABLE_OBJC_WEAK = YES;
				CLANG_WARN_BLOCK_CAPTURE_AUTORELEASING = YES;
				CLANG_WARN_BOOL_CONVERSION = YES;
				CLANG_WARN_COMMA = YES;
				CLANG_WARN_CONSTANT_CONVERSION = YES;
				CLANG_WARN_DEPRECATED_OBJC_IMPLEMENTATIONS = YES;
				CLANG_WARN_DIRECT_OBJC_ISA_USAGE = YES_ERROR;
				CLANG_WARN_DOCUMENTATION_COMMENTS = YES;
				CLANG_WARN_EMPTY_BODY = YES;
				CLANG_WARN_ENUM_CONVERSION = YES;
				CLANG_WARN_INFINITE_RECURSION = YES;
				CLANG_WARN_INT_CONVERSION = YES;
				CLANG_WARN_NON_LITERAL_NULL_CONVERSION = YES;
				CLANG_WARN_OBJC_IMPLICIT_RETAIN_SELF = YES;
				CLANG_WARN_OBJC_LITERAL_CONVERSION = YES;
				CLANG_WARN_OBJC_ROOT_CLASS = YES_ERROR;
				CLANG_WARN_QUOTED_INCLUDE_IN_FRAMEWORK_HEADER = YES;
				CLANG_WARN_RANGE_LOOP_ANALYSIS = YES;
				CLANG_WARN_STRICT_PROTOTYPES = YES;
				CLANG_WARN_SUSPICIOUS_MOVE = YES;
				CLANG_WARN_UNGUARDED_AVAILABILITY = YES_AGGRESSIVE;
				CLANG_WARN_UNREACHABLE_CODE = YES;
				CLANG_WARN__DUPLICATE_METHOD_MATCH = YES;
				COPY_PHASE_STRIP = NO;
				DEBUG_INFORMATION_FORMAT = "dwarf-with-dsym";
				ENABLE_NS_ASSERTIONS = NO;
				ENABLE_STRICT_OBJC_MSGSEND = YES;
				GCC_C_LANGUAGE_STANDARD = gnu11;
				GCC_NO_COMMON_BLOCKS = YES;
				GCC_WARN_64_TO_32_BIT_CONVERSION = YES;
				GCC_WARN_ABOUT_RETURN_TYPE = YES_ERROR;
				GCC_WARN_UNDECLARED_SELECTOR = YES;
				GCC_WARN_UNINITIALIZED_AUTOS = YES_AGGRESSIVE;
				GCC_WARN_UNUSED_FUNCTION = YES;
				GCC_WARN_UNUSED_VARIABLE = YES;
				IPHONEOS_DEPLOYMENT_TARGET = 13.0;
				MTL_ENABLE_DEBUG_INFO = NO;
				MTL_FAST_MATH = YES;
				SDKROOT = iphoneos;
				SWIFT_COMPILATION_MODE = wholemodule;
				SWIFT_OPTIMIZATION_LEVEL = "-O";
				VALIDATE_PRODUCT = YES;
			};
			name = Release;
		};
		A129CCD52603FA3200E9556D /* Debug */ = {
			isa = XCBuildConfiguration;
			buildSettings = {
				ASSETCATALOG_COMPILER_APPICON_NAME = AppIcon;
				ASSETCATALOG_COMPILER_GLOBAL_ACCENT_COLOR_NAME = AccentColor;
				CODE_SIGN_STYLE = Automatic;
				DEVELOPMENT_TEAM = 8CHVCWFP3P;
				INFOPLIST_FILE = "Twitter clone/Info.plist";
				IPHONEOS_DEPLOYMENT_TARGET = 13.0;
				LD_RUNPATH_SEARCH_PATHS = (
					"$(inherited)",
					"@executable_path/Frameworks",
				);
				PRODUCT_BUNDLE_IDENTIFIER = "ru.user.home.Twitter-clone";
				PRODUCT_NAME = "$(TARGET_NAME)";
				SWIFT_VERSION = 5.0;
				TARGETED_DEVICE_FAMILY = 1;
			};
			name = Debug;
		};
		A129CCD62603FA3200E9556D /* Release */ = {
			isa = XCBuildConfiguration;
			buildSettings = {
				ASSETCATALOG_COMPILER_APPICON_NAME = AppIcon;
				ASSETCATALOG_COMPILER_GLOBAL_ACCENT_COLOR_NAME = AccentColor;
				CODE_SIGN_STYLE = Automatic;
				DEVELOPMENT_TEAM = 8CHVCWFP3P;
				INFOPLIST_FILE = "Twitter clone/Info.plist";
				IPHONEOS_DEPLOYMENT_TARGET = 13.0;
				LD_RUNPATH_SEARCH_PATHS = (
					"$(inherited)",
					"@executable_path/Frameworks",
				);
				PRODUCT_BUNDLE_IDENTIFIER = "ru.user.home.Twitter-clone";
				PRODUCT_NAME = "$(TARGET_NAME)";
				SWIFT_VERSION = 5.0;
				TARGETED_DEVICE_FAMILY = 1;
			};
			name = Release;
		};
/* End XCBuildConfiguration section */

/* Begin XCConfigurationList section */
		A129CCBB2603FA3000E9556D /* Build configuration list for PBXProject "Twitter clone" */ = {
			isa = XCConfigurationList;
			buildConfigurations = (
				A129CCD22603FA3200E9556D /* Debug */,
				A129CCD32603FA3200E9556D /* Release */,
			);
			defaultConfigurationIsVisible = 0;
			defaultConfigurationName = Release;
		};
		A129CCD42603FA3200E9556D /* Build configuration list for PBXNativeTarget "Twitter clone" */ = {
			isa = XCConfigurationList;
			buildConfigurations = (
				A129CCD52603FA3200E9556D /* Debug */,
				A129CCD62603FA3200E9556D /* Release */,
			);
			defaultConfigurationIsVisible = 0;
			defaultConfigurationName = Release;
		};
/* End XCConfigurationList section */
	};
	rootObject = A129CCB82603FA3000E9556D /* Project object */;
}
